
Microsoft Visual Studio Solution File, Format Version 12.00
# Visual Studio Version 16
VisualStudioVersion = 16.0.30804.86
MinimumVisualStudioVersion = 10.0.40219.1
Project("{FAE04EC0-301F-11D3-BF4B-00C04F79EFBC}") = "Snippet4.1", "CsharpLAB-2\Snippet4.1.csproj", "{F2073D8F-4B54-4F3B-8FC6-69B74B1C910B}"
EndProject
Project("{FAE04EC0-301F-11D3-BF4B-00C04F79EFBC}") = "Snippet4.2", "Snippet2\Snippet4.2.csproj", "{8D933B94-1DF4-4554-9773-02B8EC2F5BFA}"
EndProject
Project("{FAE04EC0-301F-11D3-BF4B-00C04F79EFBC}") = "Snippet4.3", "Snippet3\Snippet4.3.csproj", "{9494CF39-7A59-4819-85EC-9E33412CB3B8}"
EndProject
Project("{FAE04EC0-301F-11D3-BF4B-00C04F79EFBC}") = "Snippet4.5", "Snippet4.5\Snippet4.5.csproj", "{82167F40-04F7-4B0E-9A26-4538D1867C97}"
EndProject
Project("{FAE04EC0-301F-11D3-BF4B-00C04F79EFBC}") = "Snippet4.4.1", "Snippet4.4.1\Snippet4.4.1.csproj", "{346F7A93-A300-4DC4-A4A6-02A2C789023D}"
EndProject
Global
	GlobalSection(SolutionConfigurationPlatforms) = preSolution
		Debug|Any CPU = Debug|Any CPU
		Release|Any CPU = Release|Any CPU
	EndGlobalSection
	GlobalSection(ProjectConfigurationPlatforms) = postSolution
		{F2073D8F-4B54-4F3B-8FC6-69B74B1C910B}.Debug|Any CPU.ActiveCfg = Debug|Any CPU
		{F2073D8F-4B54-4F3B-8FC6-69B74B1C910B}.Debug|Any CPU.Build.0 = Debug|Any CPU
		{F2073D8F-4B54-4F3B-8FC6-69B74B1C910B}.Release|Any CPU.ActiveCfg = Release|Any CPU
		{F2073D8F-4B54-4F3B-8FC6-69B74B1C910B}.Release|Any CPU.Build.0 = Release|Any CPU
		{8D933B94-1DF4-4554-9773-02B8EC2F5BFA}.Debug|Any CPU.ActiveCfg = Debug|Any CPU
		{8D933B94-1DF4-4554-9773-02B8EC2F5BFA}.Debug|Any CPU.Build.0 = Debug|Any CPU
		{8D933B94-1DF4-4554-9773-02B8EC2F5BFA}.Release|Any CPU.ActiveCfg = Release|Any CPU
		{8D933B94-1DF4-4554-9773-02B8EC2F5BFA}.Release|Any CPU.Build.0 = Release|Any CPU
		{9494CF39-7A59-4819-85EC-9E33412CB3B8}.Debug|Any CPU.ActiveCfg = Debug|Any CPU
		{9494CF39-7A59-4819-85EC-9E33412CB3B8}.Debug|Any CPU.Build.0 = Debug|Any CPU
		{9494CF39-7A59-4819-85EC-9E33412CB3B8}.Release|Any CPU.ActiveCfg = Release|Any CPU
		{9494CF39-7A59-4819-85EC-9E33412CB3B8}.Release|Any CPU.Build.0 = Release|Any CPU
		{82167F40-04F7-4B0E-9A26-4538D1867C97}.Debug|Any CPU.ActiveCfg = Debug|Any CPU
		{82167F40-04F7-4B0E-9A26-4538D1867C97}.Debug|Any CPU.Build.0 = Debug|Any CPU
		{82167F40-04F7-4B0E-9A26-4538D1867C97}.Release|Any CPU.ActiveCfg = Release|Any CPU
		{82167F40-04F7-4B0E-9A26-4538D1867C97}.Release|Any CPU.Build.0 = Release|Any CPU
		{346F7A93-A300-4DC4-A4A6-02A2C789023D}.Debug|Any CPU.ActiveCfg = Debug|Any CPU
		{346F7A93-A300-4DC4-A4A6-02A2C789023D}.Debug|Any CPU.Build.0 = Debug|Any CPU
		{346F7A93-A300-4DC4-A4A6-02A2C789023D}.Release|Any CPU.ActiveCfg = Release|Any CPU
		{346F7A93-A300-4DC4-A4A6-02A2C789023D}.Release|Any CPU.Build.0 = Release|Any CPU
	EndGlobalSection
	GlobalSection(SolutionProperties) = preSolution
		HideSolutionNode = FALSE
	EndGlobalSection
	GlobalSection(ExtensibilityGlobals) = postSolution
		SolutionGuid = {C95B9520-913D-4ADC-A2CD-6603677F1E88}
	EndGlobalSection
EndGlobal
